
Microsoft Visual Studio Solution File, Format Version 12.00
# Visual Studio Version 17
VisualStudioVersion = 17.4.33205.214
MinimumVisualStudioVersion = 10.0.40219.1
Project("{9A19103F-16F7-4668-BE54-9A1E7A4F7556}") = "RabbitSender", "RabbitSender\RabbitSender.csproj", "{83FD53E2-C8E9-4C34-BEE5-286AAEE7E348}"
EndProject
Project("{FAE04EC0-301F-11D3-BF4B-00C04F79EFBC}") = "RabbitReceiver1", "RabbitReceiver1\RabbitReceiver1.csproj", "{6643B83B-A93B-4D39-A222-6517478AE169}"
EndProject
Project("{FAE04EC0-301F-11D3-BF4B-00C04F79EFBC}") = "RabbitReceiver2", "RabbitReceiver2\RabbitReceiver2.csproj", "{C60F2C67-9CC5-48F0-92F0-55E5B514EEEA}"
EndProject
Global
	GlobalSection(SolutionConfigurationPlatforms) = preSolution
		Debug|Any CPU = Debug|Any CPU
		Release|Any CPU = Release|Any CPU
	EndGlobalSection
	GlobalSection(ProjectConfigurationPlatforms) = postSolution
		{83FD53E2-C8E9-4C34-BEE5-286AAEE7E348}.Debug|Any CPU.ActiveCfg = Debug|Any CPU
		{83FD53E2-C8E9-4C34-BEE5-286AAEE7E348}.Debug|Any CPU.Build.0 = Debug|Any CPU
		{83FD53E2-C8E9-4C34-BEE5-286AAEE7E348}.Release|Any CPU.ActiveCfg = Release|Any CPU
		{83FD53E2-C8E9-4C34-BEE5-286AAEE7E348}.Release|Any CPU.Build.0 = Release|Any CPU
		{6643B83B-A93B-4D39-A222-6517478AE169}.Debug|Any CPU.ActiveCfg = Debug|Any CPU
		{6643B83B-A93B-4D39-A222-6517478AE169}.Debug|Any CPU.Build.0 = Debug|Any CPU
		{6643B83B-A93B-4D39-A222-6517478AE169}.Release|Any CPU.ActiveCfg = Release|Any CPU
		{6643B83B-A93B-4D39-A222-6517478AE169}.Release|Any CPU.Build.0 = Release|Any CPU
		{C60F2C67-9CC5-48F0-92F0-55E5B514EEEA}.Debug|Any CPU.ActiveCfg = Debug|Any CPU
		{C60F2C67-9CC5-48F0-92F0-55E5B514EEEA}.Debug|Any CPU.Build.0 = Debug|Any CPU
		{C60F2C67-9CC5-48F0-92F0-55E5B514EEEA}.Release|Any CPU.ActiveCfg = Release|Any CPU
		{C60F2C67-9CC5-48F0-92F0-55E5B514EEEA}.Release|Any CPU.Build.0 = Release|Any CPU
	EndGlobalSection
	GlobalSection(SolutionProperties) = preSolution
		HideSolutionNode = FALSE
	EndGlobalSection
	GlobalSection(ExtensibilityGlobals) = postSolution
		SolutionGuid = {0CEF6DCD-C175-4BF7-8196-97E4173249DE}
	EndGlobalSection
EndGlobal
